// !$*UTF8*$!
{
	archiveVersion = 1;
	classes = {
	};
	objectVersion = 50;
	objects = {

/* Begin PBXBuildFile section */
		AB54000B26A0EC7B002D87D1 /* AppDelegate.swift in Sources */ = {isa = PBXBuildFile; fileRef = AB54000A26A0EC7B002D87D1 /* AppDelegate.swift */; };
		AB54000D26A0EC7B002D87D1 /* SceneDelegate.swift in Sources */ = {isa = PBXBuildFile; fileRef = AB54000C26A0EC7B002D87D1 /* SceneDelegate.swift */; };
		AB54000F26A0EC7B002D87D1 /* ViewController.swift in Sources */ = {isa = PBXBuildFile; fileRef = AB54000E26A0EC7B002D87D1 /* ViewController.swift */; };
		AB54001226A0EC7B002D87D1 /* Main.storyboard in Resources */ = {isa = PBXBuildFile; fileRef = AB54001026A0EC7B002D87D1 /* Main.storyboard */; };
		AB54001426A0EC7E002D87D1 /* Assets.xcassets in Resources */ = {isa = PBXBuildFile; fileRef = AB54001326A0EC7E002D87D1 /* Assets.xcassets */; };
		AB54001726A0EC7E002D87D1 /* LaunchScreen.storyboard in Resources */ = {isa = PBXBuildFile; fileRef = AB54001526A0EC7E002D87D1 /* LaunchScreen.storyboard */; };
/* End PBXBuildFile section */

/* Begin PBXFileReference section */
		AB54000726A0EC7B002D87D1 /* UIAlertControllerProject.app */ = {isa = PBXFileReference; explicitFileType = wrapper.application; includeInIndex = 0; path = UIAlertControllerProject.app; sourceTree = BUILT_PRODUCTS_DIR; };
		AB54000A26A0EC7B002D87D1 /* AppDelegate.swift */ = {isa = PBXFileReference; lastKnownFileType = sourcecode.swift; path = AppDelegate.swift; sourceTree = "<group>"; };
		AB54000C26A0EC7B002D87D1 /* SceneDelegate.swift */ = {isa = PBXFileReference; lastKnownFileType = sourcecode.swift; path = SceneDelegate.swift; sourceTree = "<group>"; };
		AB54000E26A0EC7B002D87D1 /* ViewController.swift */ = {isa = PBXFileReference; lastKnownFileType = sourcecode.swift; path = ViewController.swift; sourceTree = "<group>"; };
		AB54001126A0EC7B002D87D1 /* Base */ = {isa = PBXFileReference; lastKnownFileType = file.storyboard; name = Base; path = Base.lproj/Main.storyboard; sourceTree = "<group>"; };
		AB54001326A0EC7E002D87D1 /* Assets.xcassets */ = {isa = PBXFileReference; lastKnownFileType = folder.assetcatalog; path = Assets.xcassets; sourceTree = "<group>"; };
		AB54001626A0EC7E002D87D1 /* Base */ = {isa = PBXFileReference; lastKnownFileType = file.storyboard; name = Base; path = Base.lproj/LaunchScreen.storyboard; sourceTree = "<group>"; };
		AB54001826A0EC7E002D87D1 /* Info.plist */ = {isa = PBXFileReference; lastKnownFileType = text.plist.xml; path = Info.plist; sourceTree = "<group>"; };
/* End PBXFileReference section */

/* Begin PBXFrameworksBuildPhase section */
		AB54000426A0EC7B002D87D1 /* Frameworks */ = {
			isa = PBXFrameworksBuildPhase;
			buildActionMask = 2147483647;
			files = (
			);
			runOnlyForDeploymentPostprocessing = 0;
		};
/* End PBXFrameworksBuildPhase section */

/* Begin PBXGroup section */
		AB54000826A0EC7B002D87D1 /* Products */ = {
			isa = PBXGroup;
			children = (
				AB54000726A0EC7B002D87D1 /* UIAlertControllerProject.app */,
			);
			name = Products;
			sourceTree = "<group>";
		};
		AB54000926A0EC7B002D87D1 /* UIAlertControllerProject */ = {
			isa = PBXGroup;
			children = (
				AB54000A26A0EC7B002D87D1 /* AppDelegate.swift */,
				AB54000C26A0EC7B002D87D1 /* SceneDelegate.swift */,
				AB54000E26A0EC7B002D87D1 /* ViewController.swift */,
				AB54001026A0EC7B002D87D1 /* Main.storyboard */,
				AB54001326A0EC7E002D87D1 /* Assets.xcassets */,
				AB54001526A0EC7E002D87D1 /* LaunchScreen.storyboard */,
				AB54001826A0EC7E002D87D1 /* Info.plist */,
			);
			path = UIAlertControllerProject;
			sourceTree = "<group>";
		};
		AB54FFFE26A0EC7B002D87D1 = {
			isa = PBXGroup;
			children = (
				AB54000926A0EC7B002D87D1 /* UIAlertControllerProject */,
				AB54000826A0EC7B002D87D1 /* Products */,
			);
			sourceTree = "<group>";
		};
/* End PBXGroup section */

/* Begin PBXNativeTarget section */
		AB54000626A0EC7B002D87D1 /* UIAlertControllerProject */ = {
			isa = PBXNativeTarget;
			buildConfigurationList = AB54001B26A0EC7E002D87D1 /* Build configuration list for PBXNativeTarget "UIAlertControllerProject" */;
			buildPhases = (
				AB54000326A0EC7B002D87D1 /* Sources */,
				AB54000426A0EC7B002D87D1 /* Frameworks */,
				AB54000526A0EC7B002D87D1 /* Resources */,
			);
			buildRules = (
			);
			dependencies = (
			);
			name = UIAlertControllerProject;
			productName = UIAlertControllerProject;
			productReference = AB54000726A0EC7B002D87D1 /* UIAlertControllerProject.app */;
			productType = "com.apple.product-type.application";
		};
/* End PBXNativeTarget section */

/* Begin PBXProject section */
		AB54FFFF26A0EC7B002D87D1 /* Project object */ = {
			isa = PBXProject;
			attributes = {
				LastSwiftUpdateCheck = 1250;
				LastUpgradeCheck = 1250;
				TargetAttributes = {
					AB54000626A0EC7B002D87D1 = {
						CreatedOnToolsVersion = 12.5.1;
					};
				};
			};
			buildConfigurationList = AB54000226A0EC7B002D87D1 /* Build configuration list for PBXProject "UIAlertControllerProject" */;
			compatibilityVersion = "Xcode 9.3";
			developmentRegion = en;
			hasScannedForEncodings = 0;
			knownRegions = (
				en,
				Base,
			);
			mainGroup = AB54FFFE26A0EC7B002D87D1;
			productRefGroup = AB54000826A0EC7B002D87D1 /* Products */;
			projectDirPath = "";
			projectRoot = "";
			targets = (
				AB54000626A0EC7B002D87D1 /* UIAlertControllerProject */,
			);
		};
/* End PBXProject section */

/* Begin PBXResourcesBuildPhase section */
		AB54000526A0EC7B002D87D1 /* Resources */ = {
			isa = PBXResourcesBuildPhase;
			buildActionMask = 2147483647;
			files = (
				AB54001726A0EC7E002D87D1 /* LaunchScreen.storyboard in Resources */,
				AB54001426A0EC7E002D87D1 /* Assets.xcassets in Resources */,
				AB54001226A0EC7B002D87D1 /* Main.storyboard in Resources */,
			);
			runOnlyForDeploymentPostprocessing = 0;
		};
/* End PBXResourcesBuildPhase section */

/* Begin PBXSourcesBuildPhase section */
		AB54000326A0EC7B002D87D1 /* Sources */ = {
			isa = PBXSourcesBuildPhase;
			buildActionMask = 2147483647;
			files = (
				AB54000F26A0EC7B002D87D1 /* ViewController.swift in Sources */,
				AB54000B26A0EC7B002D87D1 /* AppDelegate.swift in Sources */,
				AB54000D26A0EC7B002D87D1 /* SceneDelegate.swift in Sources */,
			);
			runOnlyForDeploymentPostprocessing = 0;
		};
/* End PBXSourcesBuildPhase section */

/* Begin PBXVariantGroup section */
		AB54001026A0EC7B002D87D1 /* Main.storyboard */ = {
			isa = PBXVariantGroup;
			children = (
				AB54001126A0EC7B002D87D1 /* Base */,
			);
			name = Main.storyboard;
			sourceTree = "<group>";
		};
		AB54001526A0EC7E002D87D1 /* LaunchScreen.storyboard */ = {
			isa = PBXVariantGroup;
			children = (
				AB54001626A0EC7E002D87D1 /* Base */,
			);
			name = LaunchScreen.storyboard;
			sourceTree = "<group>";
		};
/* End PBXVariantGroup section */

/* Begin XCBuildConfiguration section */
		AB54001926A0EC7E002D87D1 /* Debug */ = {
			isa = XCBuildConfiguration;
			buildSettings = {
				ALWAYS_SEARCH_USER_PATHS = NO;
				CLANG_ANALYZER_NONNULL = YES;
				CLANG_ANALYZER_NUMBER_OBJECT_CONVERSION = YES_AGGRESSIVE;
				CLANG_CXX_LANGUAGE_STANDARD = "gnu++14";
				CLANG_CXX_LIBRARY = "libc++";
				CLANG_ENABLE_MODULES = YES;
				CLANG_ENABLE_OBJC_ARC = YES;
				CLANG_ENABLE_OBJC_WEAK = YES;
				CLANG_WARN_BLOCK_CAPTURE_AUTORELEASING = YES;
				CLANG_WARN_BOOL_CONVERSION = YES;
				CLANG_WARN_COMMA = YES;
				CLANG_WARN_CONSTANT_CONVERSION = YES;
				CLANG_WARN_DEPRECATED_OBJC_IMPLEMENTATIONS = YES;
				CLANG_WARN_DIRECT_OBJC_ISA_USAGE = YES_ERROR;
				CLANG_WARN_DOCUMENTATION_COMMENTS = YES;
				CLANG_WARN_EMPTY_BODY = YES;
				CLANG_WARN_ENUM_CONVERSION = YES;
				CLANG_WARN_INFINITE_RECURSION = YES;
				CLANG_WARN_INT_CONVERSION = YES;
				CLANG_WARN_NON_LITERAL_NULL_CONVERSION = YES;
				CLANG_WARN_OBJC_IMPLICIT_RETAIN_SELF = YES;
				CLANG_WARN_OBJC_LITERAL_CONVERSION = YES;
				CLANG_WARN_OBJC_ROOT_CLASS = YES_ERROR;
				CLANG_WARN_QUOTED_INCLUDE_IN_FRAMEWORK_HEADER = YES;
				CLANG_WARN_RANGE_LOOP_ANALYSIS = YES;
				CLANG_WARN_STRICT_PROTOTYPES = YES;
				CLANG_WARN_SUSPICIOUS_MOVE = YES;
				CLANG_WARN_UNGUARDED_AVAILABILITY = YES_AGGRESSIVE;
				CLANG_WARN_UNREACHABLE_CODE = YES;
				CLANG_WARN__DUPLICATE_METHOD_MATCH = YES;
				COPY_PHASE_STRIP = NO;
				DEBUG_INFORMATION_FORMAT = dwarf;
				ENABLE_STRICT_OBJC_MSGSEND = YES;
				ENABLE_TESTABILITY = YES;
				GCC_C_LANGUAGE_STANDARD = gnu11;
				GCC_DYNAMIC_NO_PIC = NO;
				GCC_NO_COMMON_BLOCKS = YES;
				GCC_OPTIMIZATION_LEVEL = 0;
				GCC_PREPROCESSOR_DEFINITIONS = (
					"DEBUG=1",
					"$(inherited)",
				);
				GCC_WARN_64_TO_32_BIT_CONVERSION = YES;
				GCC_WARN_ABOUT_RETURN_TYPE = YES_ERROR;
				GCC_WARN_UNDECLARED_SELECTOR = YES;
				GCC_WARN_UNINITIALIZED_AUTOS = YES_AGGRESSIVE;
				GCC_WARN_UNUSED_FUNCTION = YES;
				GCC_WARN_UNUSED_VARIABLE = YES;
				IPHONEOS_DEPLOYMENT_TARGET = 14.5;
				MTL_ENABLE_DEBUG_INFO = INCLUDE_SOURCE;
				MTL_FAST_MATH = YES;
				ONLY_ACTIVE_ARCH = YES;
				SDKROOT = iphoneos;
				SWIFT_ACTIVE_COMPILATION_CONDITIONS = DEBUG;
				SWIFT_OPTIMIZATION_LEVEL = "-Onone";
			};
			name = Debug;
		};
		AB54001A26A0EC7E002D87D1 /* Release */ = {
			isa = XCBuildConfiguration;
			buildSettings = {
				ALWAYS_SEARCH_USER_PATHS = NO;
				CLANG_ANALYZER_NONNULL = YES;
				CLANG_ANALYZER_NUMBER_OBJECT_CONVERSION = YES_AGGRESSIVE;
				CLANG_CXX_LANGUAGE_STANDARD = "gnu++14";
				CLANG_CXX_LIBRARY = "libc++";
				CLANG_ENABLE_MODULES = YES;
				CLANG_ENABLE_OBJC_ARC = YES;
				CLANG_ENABLE_OBJC_WEAK = YES;
				CLANG_WARN_BLOCK_CAPTURE_AUTORELEASING = YES;
				CLANG_WARN_BOOL_CONVERSION = YES;
				CLANG_WARN_COMMA = YES;
				CLANG_WARN_CONSTANT_CONVERSION = YES;
				CLANG_WARN_DEPRECATED_OBJC_IMPLEMENTATIONS = YES;
				CLANG_WARN_DIRECT_OBJC_ISA_USAGE = YES_ERROR;
				CLANG_WARN_DOCUMENTATION_COMMENTS = YES;
				CLANG_WARN_EMPTY_BODY = YES;
				CLANG_WARN_ENUM_CONVERSION = YES;
				CLANG_WARN_INFINITE_RECURSION = YES;
				CLANG_WARN_INT_CONVERSION = YES;
				CLANG_WARN_NON_LITERAL_NULL_CONVERSION = YES;
				CLANG_WARN_OBJC_IMPLICIT_RETAIN_SELF = YES;
				CLANG_WARN_OBJC_LITERAL_CONVERSION = YES;
				CLANG_WARN_OBJC_ROOT_CLASS = YES_ERROR;
				CLANG_WARN_QUOTED_INCLUDE_IN_FRAMEWORK_HEADER = YES;
				CLANG_WARN_RANGE_LOOP_ANALYSIS = YES;
				CLANG_WARN_STRICT_PROTOTYPES = YES;
				CLANG_WARN_SUSPICIOUS_MOVE = YES;
				CLANG_WARN_UNGUARDED_AVAILABILITY = YES_AGGRESSIVE;
				CLANG_WARN_UNREACHABLE_CODE = YES;
				CLANG_WARN__DUPLICATE_METHOD_MATCH = YES;
				COPY_PHASE_STRIP = NO;
				DEBUG_INFORMATION_FORMAT = "dwarf-with-dsym";
				ENABLE_NS_ASSERTIONS = NO;
				ENABLE_STRICT_OBJC_MSGSEND = YES;
				GCC_C_LANGUAGE_STANDARD = gnu11;
				GCC_NO_COMMON_BLOCKS = YES;
				GCC_WARN_64_TO_32_BIT_CONVERSION = YES;
				GCC_WARN_ABOUT_RETURN_TYPE = YES_ERROR;
				GCC_WARN_UNDECLARED_SELECTOR = YES;
				GCC_WARN_UNINITIALIZED_AUTOS = YES_AGGRESSIVE;
				GCC_WARN_UNUSED_FUNCTION = YES;
				GCC_WARN_UNUSED_VARIABLE = YES;
				IPHONEOS_DEPLOYMENT_TARGET = 14.5;
				MTL_ENABLE_DEBUG_INFO = NO;
				MTL_FAST_MATH = YES;
				SDKROOT = iphoneos;
				SWIFT_COMPILATION_MODE = wholemodule;
				SWIFT_OPTIMIZATION_LEVEL = "-O";
				VALIDATE_PRODUCT = YES;
			};
			name = Release;
		};
		AB54001C26A0EC7E002D87D1 /* Debug */ = {
			isa = XCBuildConfiguration;
			buildSettings = {
				ASSETCATALOG_COMPILER_APPICON_NAME = AppIcon;
				ASSETCATALOG_COMPILER_GLOBAL_ACCENT_COLOR_NAME = AccentColor;
				CODE_SIGN_STYLE = Automatic;
				INFOPLIST_FILE = UIAlertControllerProject/Info.plist;
				LD_RUNPATH_SEARCH_PATHS = (
					"$(inherited)",
					"@executable_path/Frameworks",
				);
				PRODUCT_BUNDLE_IDENTIFIER = lentoz.UIAlertControllerProject;
				PRODUCT_NAME = "$(TARGET_NAME)";
				SWIFT_VERSION = 5.0;
				TARGETED_DEVICE_FAMILY = "1,2";
			};
			name = Debug;
		};
		AB54001D26A0EC7E002D87D1 /* Release */ = {
			isa = XCBuildConfiguration;
			buildSettings = {
				ASSETCATALOG_COMPILER_APPICON_NAME = AppIcon;
				ASSETCATALOG_COMPILER_GLOBAL_ACCENT_COLOR_NAME = AccentColor;
				CODE_SIGN_STYLE = Automatic;
				INFOPLIST_FILE = UIAlertControllerProject/Info.plist;
				LD_RUNPATH_SEARCH_PATHS = (
					"$(inherited)",
					"@executable_path/Frameworks",
				);
				PRODUCT_BUNDLE_IDENTIFIER = lentoz.UIAlertControllerProject;
				PRODUCT_NAME = "$(TARGET_NAME)";
				SWIFT_VERSION = 5.0;
				TARGETED_DEVICE_FAMILY = "1,2";
			};
			name = Release;
		};
/* End XCBuildConfiguration section */

/* Begin XCConfigurationList section */
		AB54000226A0EC7B002D87D1 /* Build configuration list for PBXProject "UIAlertControllerProject" */ = {
			isa = XCConfigurationList;
			buildConfigurations = (
				AB54001926A0EC7E002D87D1 /* Debug */,
				AB54001A26A0EC7E002D87D1 /* Release */,
			);
			defaultConfigurationIsVisible = 0;
			defaultConfigurationName = Release;
		};
		AB54001B26A0EC7E002D87D1 /* Build configuration list for PBXNativeTarget "UIAlertControllerProject" */ = {
			isa = XCConfigurationList;
			buildConfigurations = (
				AB54001C26A0EC7E002D87D1 /* Debug */,
				AB54001D26A0EC7E002D87D1 /* Release */,
			);
			defaultConfigurationIsVisible = 0;
			defaultConfigurationName = Release;
		};
/* End XCConfigurationList section */
	};
	rootObject = AB54FFFF26A0EC7B002D87D1 /* Project object */;
}
