// !$*UTF8*$!
{
	archiveVersion = 1;
	classes = {
	};
	objectVersion = 50;
	objects = {

/* Begin PBXBuildFile section */
		ABFC7A1D26951F1000E5868B /* AppDelegate.swift in Sources */ = {isa = PBXBuildFile; fileRef = ABFC7A1C26951F1000E5868B /* AppDelegate.swift */; };
		ABFC7A1F26951F1000E5868B /* SceneDelegate.swift in Sources */ = {isa = PBXBuildFile; fileRef = ABFC7A1E26951F1000E5868B /* SceneDelegate.swift */; };
		ABFC7A2126951F1000E5868B /* ViewController.swift in Sources */ = {isa = PBXBuildFile; fileRef = ABFC7A2026951F1000E5868B /* ViewController.swift */; };
		ABFC7A2426951F1000E5868B /* Main.storyboard in Resources */ = {isa = PBXBuildFile; fileRef = ABFC7A2226951F1000E5868B /* Main.storyboard */; };
		ABFC7A2626951F1300E5868B /* Assets.xcassets in Resources */ = {isa = PBXBuildFile; fileRef = ABFC7A2526951F1300E5868B /* Assets.xcassets */; };
		ABFC7A2926951F1300E5868B /* LaunchScreen.storyboard in Resources */ = {isa = PBXBuildFile; fileRef = ABFC7A2726951F1300E5868B /* LaunchScreen.storyboard */; };
		ABFC7A352695206D00E5868B /* CustomCollectionViewCell.swift in Sources */ = {isa = PBXBuildFile; fileRef = ABFC7A332695206D00E5868B /* CustomCollectionViewCell.swift */; };
		ABFC7A362695206D00E5868B /* CustomCollectionViewCell.xib in Resources */ = {isa = PBXBuildFile; fileRef = ABFC7A342695206D00E5868B /* CustomCollectionViewCell.xib */; };
		ABFC7A3926952EC800E5868B /* CustomTableViewCell.swift in Sources */ = {isa = PBXBuildFile; fileRef = ABFC7A3726952EC800E5868B /* CustomTableViewCell.swift */; };
		ABFC7A3A26952EC800E5868B /* CustomTableViewCell.xib in Resources */ = {isa = PBXBuildFile; fileRef = ABFC7A3826952EC800E5868B /* CustomTableViewCell.xib */; };
/* End PBXBuildFile section */

/* Begin PBXFileReference section */
		ABFC7A1926951F1000E5868B /* CollectionView.app */ = {isa = PBXFileReference; explicitFileType = wrapper.application; includeInIndex = 0; path = CollectionView.app; sourceTree = BUILT_PRODUCTS_DIR; };
		ABFC7A1C26951F1000E5868B /* AppDelegate.swift */ = {isa = PBXFileReference; lastKnownFileType = sourcecode.swift; path = AppDelegate.swift; sourceTree = "<group>"; };
		ABFC7A1E26951F1000E5868B /* SceneDelegate.swift */ = {isa = PBXFileReference; lastKnownFileType = sourcecode.swift; path = SceneDelegate.swift; sourceTree = "<group>"; };
		ABFC7A2026951F1000E5868B /* ViewController.swift */ = {isa = PBXFileReference; lastKnownFileType = sourcecode.swift; path = ViewController.swift; sourceTree = "<group>"; };
		ABFC7A2326951F1000E5868B /* Base */ = {isa = PBXFileReference; lastKnownFileType = file.storyboard; name = Base; path = Base.lproj/Main.storyboard; sourceTree = "<group>"; };
		ABFC7A2526951F1300E5868B /* Assets.xcassets */ = {isa = PBXFileReference; lastKnownFileType = folder.assetcatalog; path = Assets.xcassets; sourceTree = "<group>"; };
		ABFC7A2826951F1300E5868B /* Base */ = {isa = PBXFileReference; lastKnownFileType = file.storyboard; name = Base; path = Base.lproj/LaunchScreen.storyboard; sourceTree = "<group>"; };
		ABFC7A2A26951F1300E5868B /* Info.plist */ = {isa = PBXFileReference; lastKnownFileType = text.plist.xml; path = Info.plist; sourceTree = "<group>"; };
		ABFC7A332695206D00E5868B /* CustomCollectionViewCell.swift */ = {isa = PBXFileReference; lastKnownFileType = sourcecode.swift; path = CustomCollectionViewCell.swift; sourceTree = "<group>"; };
		ABFC7A342695206D00E5868B /* CustomCollectionViewCell.xib */ = {isa = PBXFileReference; lastKnownFileType = file.xib; path = CustomCollectionViewCell.xib; sourceTree = "<group>"; };
		ABFC7A3726952EC800E5868B /* CustomTableViewCell.swift */ = {isa = PBXFileReference; lastKnownFileType = sourcecode.swift; path = CustomTableViewCell.swift; sourceTree = "<group>"; };
		ABFC7A3826952EC800E5868B /* CustomTableViewCell.xib */ = {isa = PBXFileReference; lastKnownFileType = file.xib; path = CustomTableViewCell.xib; sourceTree = "<group>"; };
/* End PBXFileReference section */

/* Begin PBXFrameworksBuildPhase section */
		ABFC7A1626951F1000E5868B /* Frameworks */ = {
			isa = PBXFrameworksBuildPhase;
			buildActionMask = 2147483647;
			files = (
			);
			runOnlyForDeploymentPostprocessing = 0;
		};
/* End PBXFrameworksBuildPhase section */

/* Begin PBXGroup section */
		ABFC7A1026951F1000E5868B = {
			isa = PBXGroup;
			children = (
				ABFC7A1B26951F1000E5868B /* CollectionView */,
				ABFC7A1A26951F1000E5868B /* Products */,
			);
			sourceTree = "<group>";
		};
		ABFC7A1A26951F1000E5868B /* Products */ = {
			isa = PBXGroup;
			children = (
				ABFC7A1926951F1000E5868B /* CollectionView.app */,
			);
			name = Products;
			sourceTree = "<group>";
		};
		ABFC7A1B26951F1000E5868B /* CollectionView */ = {
			isa = PBXGroup;
			children = (
				ABFC7A3226951F4D00E5868B /* Views */,
				ABFC7A3026951F3F00E5868B /* Models */,
				ABFC7A1C26951F1000E5868B /* AppDelegate.swift */,
				ABFC7A1E26951F1000E5868B /* SceneDelegate.swift */,
				ABFC7A2226951F1000E5868B /* Main.storyboard */,
				ABFC7A2526951F1300E5868B /* Assets.xcassets */,
				ABFC7A2726951F1300E5868B /* LaunchScreen.storyboard */,
				ABFC7A2A26951F1300E5868B /* Info.plist */,
			);
			path = CollectionView;
			sourceTree = "<group>";
		};
		ABFC7A3026951F3F00E5868B /* Models */ = {
			isa = PBXGroup;
			children = (
				ABFC7A332695206D00E5868B /* CustomCollectionViewCell.swift */,
				ABFC7A342695206D00E5868B /* CustomCollectionViewCell.xib */,
				ABFC7A3726952EC800E5868B /* CustomTableViewCell.swift */,
				ABFC7A3826952EC800E5868B /* CustomTableViewCell.xib */,
			);
			path = Models;
			sourceTree = "<group>";
		};
		ABFC7A3226951F4D00E5868B /* Views */ = {
			isa = PBXGroup;
			children = (
				ABFC7A2026951F1000E5868B /* ViewController.swift */,
			);
			path = Views;
			sourceTree = "<group>";
		};
/* End PBXGroup section */

/* Begin PBXNativeTarget section */
		ABFC7A1826951F1000E5868B /* CollectionView */ = {
			isa = PBXNativeTarget;
			buildConfigurationList = ABFC7A2D26951F1300E5868B /* Build configuration list for PBXNativeTarget "CollectionView" */;
			buildPhases = (
				ABFC7A1526951F1000E5868B /* Sources */,
				ABFC7A1626951F1000E5868B /* Frameworks */,
				ABFC7A1726951F1000E5868B /* Resources */,
			);
			buildRules = (
			);
			dependencies = (
			);
			name = CollectionView;
			productName = CollectionView;
			productReference = ABFC7A1926951F1000E5868B /* CollectionView.app */;
			productType = "com.apple.product-type.application";
		};
/* End PBXNativeTarget section */

/* Begin PBXProject section */
		ABFC7A1126951F1000E5868B /* Project object */ = {
			isa = PBXProject;
			attributes = {
				LastSwiftUpdateCheck = 1250;
				LastUpgradeCheck = 1250;
				TargetAttributes = {
					ABFC7A1826951F1000E5868B = {
						CreatedOnToolsVersion = 12.5.1;
					};
				};
			};
			buildConfigurationList = ABFC7A1426951F1000E5868B /* Build configuration list for PBXProject "CollectionView" */;
			compatibilityVersion = "Xcode 9.3";
			developmentRegion = en;
			hasScannedForEncodings = 0;
			knownRegions = (
				en,
				Base,
			);
			mainGroup = ABFC7A1026951F1000E5868B;
			productRefGroup = ABFC7A1A26951F1000E5868B /* Products */;
			projectDirPath = "";
			projectRoot = "";
			targets = (
				ABFC7A1826951F1000E5868B /* CollectionView */,
			);
		};
/* End PBXProject section */

/* Begin PBXResourcesBuildPhase section */
		ABFC7A1726951F1000E5868B /* Resources */ = {
			isa = PBXResourcesBuildPhase;
			buildActionMask = 2147483647;
			files = (
				ABFC7A2926951F1300E5868B /* LaunchScreen.storyboard in Resources */,
				ABFC7A2626951F1300E5868B /* Assets.xcassets in Resources */,
				ABFC7A2426951F1000E5868B /* Main.storyboard in Resources */,
				ABFC7A3A26952EC800E5868B /* CustomTableViewCell.xib in Resources */,
				ABFC7A362695206D00E5868B /* CustomCollectionViewCell.xib in Resources */,
			);
			runOnlyForDeploymentPostprocessing = 0;
		};
/* End PBXResourcesBuildPhase section */

/* Begin PBXSourcesBuildPhase section */
		ABFC7A1526951F1000E5868B /* Sources */ = {
			isa = PBXSourcesBuildPhase;
			buildActionMask = 2147483647;
			files = (
				ABFC7A2126951F1000E5868B /* ViewController.swift in Sources */,
				ABFC7A3926952EC800E5868B /* CustomTableViewCell.swift in Sources */,
				ABFC7A1D26951F1000E5868B /* AppDelegate.swift in Sources */,
				ABFC7A1F26951F1000E5868B /* SceneDelegate.swift in Sources */,
				ABFC7A352695206D00E5868B /* CustomCollectionViewCell.swift in Sources */,
			);
			runOnlyForDeploymentPostprocessing = 0;
		};
/* End PBXSourcesBuildPhase section */

/* Begin PBXVariantGroup section */
		ABFC7A2226951F1000E5868B /* Main.storyboard */ = {
			isa = PBXVariantGroup;
			children = (
				ABFC7A2326951F1000E5868B /* Base */,
			);
			name = Main.storyboard;
			sourceTree = "<group>";
		};
		ABFC7A2726951F1300E5868B /* LaunchScreen.storyboard */ = {
			isa = PBXVariantGroup;
			children = (
				ABFC7A2826951F1300E5868B /* Base */,
			);
			name = LaunchScreen.storyboard;
			sourceTree = "<group>";
		};
/* End PBXVariantGroup section */

/* Begin XCBuildConfiguration section */
		ABFC7A2B26951F1300E5868B /* Debug */ = {
			isa = XCBuildConfiguration;
			buildSettings = {
				ALWAYS_SEARCH_USER_PATHS = NO;
				CLANG_ANALYZER_NONNULL = YES;
				CLANG_ANALYZER_NUMBER_OBJECT_CONVERSION = YES_AGGRESSIVE;
				CLANG_CXX_LANGUAGE_STANDARD = "gnu++14";
				CLANG_CXX_LIBRARY = "libc++";
				CLANG_ENABLE_MODULES = YES;
				CLANG_ENABLE_OBJC_ARC = YES;
				CLANG_ENABLE_OBJC_WEAK = YES;
				CLANG_WARN_BLOCK_CAPTURE_AUTORELEASING = YES;
				CLANG_WARN_BOOL_CONVERSION = YES;
				CLANG_WARN_COMMA = YES;
				CLANG_WARN_CONSTANT_CONVERSION = YES;
				CLANG_WARN_DEPRECATED_OBJC_IMPLEMENTATIONS = YES;
				CLANG_WARN_DIRECT_OBJC_ISA_USAGE = YES_ERROR;
				CLANG_WARN_DOCUMENTATION_COMMENTS = YES;
				CLANG_WARN_EMPTY_BODY = YES;
				CLANG_WARN_ENUM_CONVERSION = YES;
				CLANG_WARN_INFINITE_RECURSION = YES;
				CLANG_WARN_INT_CONVERSION = YES;
				CLANG_WARN_NON_LITERAL_NULL_CONVERSION = YES;
				CLANG_WARN_OBJC_IMPLICIT_RETAIN_SELF = YES;
				CLANG_WARN_OBJC_LITERAL_CONVERSION = YES;
				CLANG_WARN_OBJC_ROOT_CLASS = YES_ERROR;
				CLANG_WARN_QUOTED_INCLUDE_IN_FRAMEWORK_HEADER = YES;
				CLANG_WARN_RANGE_LOOP_ANALYSIS = YES;
				CLANG_WARN_STRICT_PROTOTYPES = YES;
				CLANG_WARN_SUSPICIOUS_MOVE = YES;
				CLANG_WARN_UNGUARDED_AVAILABILITY = YES_AGGRESSIVE;
				CLANG_WARN_UNREACHABLE_CODE = YES;
				CLANG_WARN__DUPLICATE_METHOD_MATCH = YES;
				COPY_PHASE_STRIP = NO;
				DEBUG_INFORMATION_FORMAT = dwarf;
				ENABLE_STRICT_OBJC_MSGSEND = YES;
				ENABLE_TESTABILITY = YES;
				GCC_C_LANGUAGE_STANDARD = gnu11;
				GCC_DYNAMIC_NO_PIC = NO;
				GCC_NO_COMMON_BLOCKS = YES;
				GCC_OPTIMIZATION_LEVEL = 0;
				GCC_PREPROCESSOR_DEFINITIONS = (
					"DEBUG=1",
					"$(inherited)",
				);
				GCC_WARN_64_TO_32_BIT_CONVERSION = YES;
				GCC_WARN_ABOUT_RETURN_TYPE = YES_ERROR;
				GCC_WARN_UNDECLARED_SELECTOR = YES;
				GCC_WARN_UNINITIALIZED_AUTOS = YES_AGGRESSIVE;
				GCC_WARN_UNUSED_FUNCTION = YES;
				GCC_WARN_UNUSED_VARIABLE = YES;
				IPHONEOS_DEPLOYMENT_TARGET = 14.5;
				MTL_ENABLE_DEBUG_INFO = INCLUDE_SOURCE;
				MTL_FAST_MATH = YES;
				ONLY_ACTIVE_ARCH = YES;
				SDKROOT = iphoneos;
				SWIFT_ACTIVE_COMPILATION_CONDITIONS = DEBUG;
				SWIFT_OPTIMIZATION_LEVEL = "-Onone";
			};
			name = Debug;
		};
		ABFC7A2C26951F1300E5868B /* Release */ = {
			isa = XCBuildConfiguration;
			buildSettings = {
				ALWAYS_SEARCH_USER_PATHS = NO;
				CLANG_ANALYZER_NONNULL = YES;
				CLANG_ANALYZER_NUMBER_OBJECT_CONVERSION = YES_AGGRESSIVE;
				CLANG_CXX_LANGUAGE_STANDARD = "gnu++14";
				CLANG_CXX_LIBRARY = "libc++";
				CLANG_ENABLE_MODULES = YES;
				CLANG_ENABLE_OBJC_ARC = YES;
				CLANG_ENABLE_OBJC_WEAK = YES;
				CLANG_WARN_BLOCK_CAPTURE_AUTORELEASING = YES;
				CLANG_WARN_BOOL_CONVERSION = YES;
				CLANG_WARN_COMMA = YES;
				CLANG_WARN_CONSTANT_CONVERSION = YES;
				CLANG_WARN_DEPRECATED_OBJC_IMPLEMENTATIONS = YES;
				CLANG_WARN_DIRECT_OBJC_ISA_USAGE = YES_ERROR;
				CLANG_WARN_DOCUMENTATION_COMMENTS = YES;
				CLANG_WARN_EMPTY_BODY = YES;
				CLANG_WARN_ENUM_CONVERSION = YES;
				CLANG_WARN_INFINITE_RECURSION = YES;
				CLANG_WARN_INT_CONVERSION = YES;
				CLANG_WARN_NON_LITERAL_NULL_CONVERSION = YES;
				CLANG_WARN_OBJC_IMPLICIT_RETAIN_SELF = YES;
				CLANG_WARN_OBJC_LITERAL_CONVERSION = YES;
				CLANG_WARN_OBJC_ROOT_CLASS = YES_ERROR;
				CLANG_WARN_QUOTED_INCLUDE_IN_FRAMEWORK_HEADER = YES;
				CLANG_WARN_RANGE_LOOP_ANALYSIS = YES;
				CLANG_WARN_STRICT_PROTOTYPES = YES;
				CLANG_WARN_SUSPICIOUS_MOVE = YES;
				CLANG_WARN_UNGUARDED_AVAILABILITY = YES_AGGRESSIVE;
				CLANG_WARN_UNREACHABLE_CODE = YES;
				CLANG_WARN__DUPLICATE_METHOD_MATCH = YES;
				COPY_PHASE_STRIP = NO;
				DEBUG_INFORMATION_FORMAT = "dwarf-with-dsym";
				ENABLE_NS_ASSERTIONS = NO;
				ENABLE_STRICT_OBJC_MSGSEND = YES;
				GCC_C_LANGUAGE_STANDARD = gnu11;
				GCC_NO_COMMON_BLOCKS = YES;
				GCC_WARN_64_TO_32_BIT_CONVERSION = YES;
				GCC_WARN_ABOUT_RETURN_TYPE = YES_ERROR;
				GCC_WARN_UNDECLARED_SELECTOR = YES;
				GCC_WARN_UNINITIALIZED_AUTOS = YES_AGGRESSIVE;
				GCC_WARN_UNUSED_FUNCTION = YES;
				GCC_WARN_UNUSED_VARIABLE = YES;
				IPHONEOS_DEPLOYMENT_TARGET = 14.5;
				MTL_ENABLE_DEBUG_INFO = NO;
				MTL_FAST_MATH = YES;
				SDKROOT = iphoneos;
				SWIFT_COMPILATION_MODE = wholemodule;
				SWIFT_OPTIMIZATION_LEVEL = "-O";
				VALIDATE_PRODUCT = YES;
			};
			name = Release;
		};
		ABFC7A2E26951F1300E5868B /* Debug */ = {
			isa = XCBuildConfiguration;
			buildSettings = {
				ASSETCATALOG_COMPILER_APPICON_NAME = AppIcon;
				ASSETCATALOG_COMPILER_GLOBAL_ACCENT_COLOR_NAME = AccentColor;
				CODE_SIGN_STYLE = Automatic;
				INFOPLIST_FILE = CollectionView/Info.plist;
				LD_RUNPATH_SEARCH_PATHS = (
					"$(inherited)",
					"@executable_path/Frameworks",
				);
				PRODUCT_BUNDLE_IDENTIFIER = lentoz.CollectionView;
				PRODUCT_NAME = "$(TARGET_NAME)";
				SWIFT_VERSION = 5.0;
				TARGETED_DEVICE_FAMILY = "1,2";
			};
			name = Debug;
		};
		ABFC7A2F26951F1300E5868B /* Release */ = {
			isa = XCBuildConfiguration;
			buildSettings = {
				ASSETCATALOG_COMPILER_APPICON_NAME = AppIcon;
				ASSETCATALOG_COMPILER_GLOBAL_ACCENT_COLOR_NAME = AccentColor;
				CODE_SIGN_STYLE = Automatic;
				INFOPLIST_FILE = CollectionView/Info.plist;
				LD_RUNPATH_SEARCH_PATHS = (
					"$(inherited)",
					"@executable_path/Frameworks",
				);
				PRODUCT_BUNDLE_IDENTIFIER = lentoz.CollectionView;
				PRODUCT_NAME = "$(TARGET_NAME)";
				SWIFT_VERSION = 5.0;
				TARGETED_DEVICE_FAMILY = "1,2";
			};
			name = Release;
		};
/* End XCBuildConfiguration section */

/* Begin XCConfigurationList section */
		ABFC7A1426951F1000E5868B /* Build configuration list for PBXProject "CollectionView" */ = {
			isa = XCConfigurationList;
			buildConfigurations = (
				ABFC7A2B26951F1300E5868B /* Debug */,
				ABFC7A2C26951F1300E5868B /* Release */,
			);
			defaultConfigurationIsVisible = 0;
			defaultConfigurationName = Release;
		};
		ABFC7A2D26951F1300E5868B /* Build configuration list for PBXNativeTarget "CollectionView" */ = {
			isa = XCConfigurationList;
			buildConfigurations = (
				ABFC7A2E26951F1300E5868B /* Debug */,
				ABFC7A2F26951F1300E5868B /* Release */,
			);
			defaultConfigurationIsVisible = 0;
			defaultConfigurationName = Release;
		};
/* End XCConfigurationList section */
	};
	rootObject = ABFC7A1126951F1000E5868B /* Project object */;
}
