// !$*UTF8*$!
{
	archiveVersion = 1;
	classes = {
	};
	objectVersion = 50;
	objects = {

/* Begin PBXBuildFile section */
		AB30C7CB268E86670066E68E /* AppDelegate.swift in Sources */ = {isa = PBXBuildFile; fileRef = AB30C7CA268E86670066E68E /* AppDelegate.swift */; };
		AB30C7CD268E86670066E68E /* SceneDelegate.swift in Sources */ = {isa = PBXBuildFile; fileRef = AB30C7CC268E86670066E68E /* SceneDelegate.swift */; };
		AB30C7CF268E86670066E68E /* ViewController.swift in Sources */ = {isa = PBXBuildFile; fileRef = AB30C7CE268E86670066E68E /* ViewController.swift */; };
		AB30C7D2268E86670066E68E /* Main.storyboard in Resources */ = {isa = PBXBuildFile; fileRef = AB30C7D0268E86670066E68E /* Main.storyboard */; };
		AB30C7D4268E866B0066E68E /* Assets.xcassets in Resources */ = {isa = PBXBuildFile; fileRef = AB30C7D3268E866B0066E68E /* Assets.xcassets */; };
		AB30C7D7268E866B0066E68E /* LaunchScreen.storyboard in Resources */ = {isa = PBXBuildFile; fileRef = AB30C7D5268E866B0066E68E /* LaunchScreen.storyboard */; };
		AB30C7DF268E87510066E68E /* Cards.swift in Sources */ = {isa = PBXBuildFile; fileRef = AB30C7DE268E87510066E68E /* Cards.swift */; };
		AB30C7E3268E89390066E68E /* CardsTableViewCell.swift in Sources */ = {isa = PBXBuildFile; fileRef = AB30C7E1268E89390066E68E /* CardsTableViewCell.swift */; };
		AB30C7E4268E89390066E68E /* CardsTableViewCell.xib in Resources */ = {isa = PBXBuildFile; fileRef = AB30C7E2268E89390066E68E /* CardsTableViewCell.xib */; };
		AB30C7E6268E986E0066E68E /* DetailViewController.swift in Sources */ = {isa = PBXBuildFile; fileRef = AB30C7E5268E986E0066E68E /* DetailViewController.swift */; };
/* End PBXBuildFile section */

/* Begin PBXFileReference section */
		AB30C7C7268E86670066E68E /* Wallet.app */ = {isa = PBXFileReference; explicitFileType = wrapper.application; includeInIndex = 0; path = Wallet.app; sourceTree = BUILT_PRODUCTS_DIR; };
		AB30C7CA268E86670066E68E /* AppDelegate.swift */ = {isa = PBXFileReference; lastKnownFileType = sourcecode.swift; path = AppDelegate.swift; sourceTree = "<group>"; };
		AB30C7CC268E86670066E68E /* SceneDelegate.swift */ = {isa = PBXFileReference; lastKnownFileType = sourcecode.swift; path = SceneDelegate.swift; sourceTree = "<group>"; };
		AB30C7CE268E86670066E68E /* ViewController.swift */ = {isa = PBXFileReference; lastKnownFileType = sourcecode.swift; path = ViewController.swift; sourceTree = "<group>"; };
		AB30C7D1268E86670066E68E /* Base */ = {isa = PBXFileReference; lastKnownFileType = file.storyboard; name = Base; path = Base.lproj/Main.storyboard; sourceTree = "<group>"; };
		AB30C7D3268E866B0066E68E /* Assets.xcassets */ = {isa = PBXFileReference; lastKnownFileType = folder.assetcatalog; path = Assets.xcassets; sourceTree = "<group>"; };
		AB30C7D6268E866B0066E68E /* Base */ = {isa = PBXFileReference; lastKnownFileType = file.storyboard; name = Base; path = Base.lproj/LaunchScreen.storyboard; sourceTree = "<group>"; };
		AB30C7D8268E866B0066E68E /* Info.plist */ = {isa = PBXFileReference; lastKnownFileType = text.plist.xml; path = Info.plist; sourceTree = "<group>"; };
		AB30C7DE268E87510066E68E /* Cards.swift */ = {isa = PBXFileReference; lastKnownFileType = sourcecode.swift; path = Cards.swift; sourceTree = "<group>"; };
		AB30C7E1268E89390066E68E /* CardsTableViewCell.swift */ = {isa = PBXFileReference; lastKnownFileType = sourcecode.swift; path = CardsTableViewCell.swift; sourceTree = "<group>"; };
		AB30C7E2268E89390066E68E /* CardsTableViewCell.xib */ = {isa = PBXFileReference; lastKnownFileType = file.xib; path = CardsTableViewCell.xib; sourceTree = "<group>"; };
		AB30C7E5268E986E0066E68E /* DetailViewController.swift */ = {isa = PBXFileReference; lastKnownFileType = sourcecode.swift; path = DetailViewController.swift; sourceTree = "<group>"; };
/* End PBXFileReference section */

/* Begin PBXFrameworksBuildPhase section */
		AB30C7C4268E86670066E68E /* Frameworks */ = {
			isa = PBXFrameworksBuildPhase;
			buildActionMask = 2147483647;
			files = (
			);
			runOnlyForDeploymentPostprocessing = 0;
		};
/* End PBXFrameworksBuildPhase section */

/* Begin PBXGroup section */
		AB30C7BE268E86670066E68E = {
			isa = PBXGroup;
			children = (
				AB30C7C9268E86670066E68E /* Wallet */,
				AB30C7C8268E86670066E68E /* Products */,
			);
			sourceTree = "<group>";
		};
		AB30C7C8268E86670066E68E /* Products */ = {
			isa = PBXGroup;
			children = (
				AB30C7C7268E86670066E68E /* Wallet.app */,
			);
			name = Products;
			sourceTree = "<group>";
		};
		AB30C7C9268E86670066E68E /* Wallet */ = {
			isa = PBXGroup;
			children = (
				AB30C7E8268E9AD90066E68E /* ViewController */,
				AB30C7E0268E891A0066E68E /* Models */,
				AB30C7CA268E86670066E68E /* AppDelegate.swift */,
				AB30C7CC268E86670066E68E /* SceneDelegate.swift */,
				AB30C7D0268E86670066E68E /* Main.storyboard */,
				AB30C7DE268E87510066E68E /* Cards.swift */,
				AB30C7D3268E866B0066E68E /* Assets.xcassets */,
				AB30C7D5268E866B0066E68E /* LaunchScreen.storyboard */,
				AB30C7D8268E866B0066E68E /* Info.plist */,
			);
			path = Wallet;
			sourceTree = "<group>";
		};
		AB30C7E0268E891A0066E68E /* Models */ = {
			isa = PBXGroup;
			children = (
				AB30C7E1268E89390066E68E /* CardsTableViewCell.swift */,
				AB30C7E2268E89390066E68E /* CardsTableViewCell.xib */,
			);
			path = Models;
			sourceTree = "<group>";
		};
		AB30C7E8268E9AD90066E68E /* ViewController */ = {
			isa = PBXGroup;
			children = (
				AB30C7CE268E86670066E68E /* ViewController.swift */,
				AB30C7E5268E986E0066E68E /* DetailViewController.swift */,
			);
			path = ViewController;
			sourceTree = "<group>";
		};
/* End PBXGroup section */

/* Begin PBXNativeTarget section */
		AB30C7C6268E86670066E68E /* Wallet */ = {
			isa = PBXNativeTarget;
			buildConfigurationList = AB30C7DB268E866B0066E68E /* Build configuration list for PBXNativeTarget "Wallet" */;
			buildPhases = (
				AB30C7C3268E86670066E68E /* Sources */,
				AB30C7C4268E86670066E68E /* Frameworks */,
				AB30C7C5268E86670066E68E /* Resources */,
			);
			buildRules = (
			);
			dependencies = (
			);
			name = Wallet;
			productName = Wallet;
			productReference = AB30C7C7268E86670066E68E /* Wallet.app */;
			productType = "com.apple.product-type.application";
		};
/* End PBXNativeTarget section */

/* Begin PBXProject section */
		AB30C7BF268E86670066E68E /* Project object */ = {
			isa = PBXProject;
			attributes = {
				LastSwiftUpdateCheck = 1250;
				LastUpgradeCheck = 1250;
				TargetAttributes = {
					AB30C7C6268E86670066E68E = {
						CreatedOnToolsVersion = 12.5.1;
					};
				};
			};
			buildConfigurationList = AB30C7C2268E86670066E68E /* Build configuration list for PBXProject "Wallet" */;
			compatibilityVersion = "Xcode 9.3";
			developmentRegion = en;
			hasScannedForEncodings = 0;
			knownRegions = (
				en,
				Base,
			);
			mainGroup = AB30C7BE268E86670066E68E;
			productRefGroup = AB30C7C8268E86670066E68E /* Products */;
			projectDirPath = "";
			projectRoot = "";
			targets = (
				AB30C7C6268E86670066E68E /* Wallet */,
			);
		};
/* End PBXProject section */

/* Begin PBXResourcesBuildPhase section */
		AB30C7C5268E86670066E68E /* Resources */ = {
			isa = PBXResourcesBuildPhase;
			buildActionMask = 2147483647;
			files = (
				AB30C7D7268E866B0066E68E /* LaunchScreen.storyboard in Resources */,
				AB30C7D4268E866B0066E68E /* Assets.xcassets in Resources */,
				AB30C7D2268E86670066E68E /* Main.storyboard in Resources */,
				AB30C7E4268E89390066E68E /* CardsTableViewCell.xib in Resources */,
			);
			runOnlyForDeploymentPostprocessing = 0;
		};
/* End PBXResourcesBuildPhase section */

/* Begin PBXSourcesBuildPhase section */
		AB30C7C3268E86670066E68E /* Sources */ = {
			isa = PBXSourcesBuildPhase;
			buildActionMask = 2147483647;
			files = (
				AB30C7CF268E86670066E68E /* ViewController.swift in Sources */,
				AB30C7E3268E89390066E68E /* CardsTableViewCell.swift in Sources */,
				AB30C7DF268E87510066E68E /* Cards.swift in Sources */,
				AB30C7E6268E986E0066E68E /* DetailViewController.swift in Sources */,
				AB30C7CB268E86670066E68E /* AppDelegate.swift in Sources */,
				AB30C7CD268E86670066E68E /* SceneDelegate.swift in Sources */,
			);
			runOnlyForDeploymentPostprocessing = 0;
		};
/* End PBXSourcesBuildPhase section */

/* Begin PBXVariantGroup section */
		AB30C7D0268E86670066E68E /* Main.storyboard */ = {
			isa = PBXVariantGroup;
			children = (
				AB30C7D1268E86670066E68E /* Base */,
			);
			name = Main.storyboard;
			sourceTree = "<group>";
		};
		AB30C7D5268E866B0066E68E /* LaunchScreen.storyboard */ = {
			isa = PBXVariantGroup;
			children = (
				AB30C7D6268E866B0066E68E /* Base */,
			);
			name = LaunchScreen.storyboard;
			sourceTree = "<group>";
		};
/* End PBXVariantGroup section */

/* Begin XCBuildConfiguration section */
		AB30C7D9268E866B0066E68E /* Debug */ = {
			isa = XCBuildConfiguration;
			buildSettings = {
				ALWAYS_SEARCH_USER_PATHS = NO;
				CLANG_ANALYZER_NONNULL = YES;
				CLANG_ANALYZER_NUMBER_OBJECT_CONVERSION = YES_AGGRESSIVE;
				CLANG_CXX_LANGUAGE_STANDARD = "gnu++14";
				CLANG_CXX_LIBRARY = "libc++";
				CLANG_ENABLE_MODULES = YES;
				CLANG_ENABLE_OBJC_ARC = YES;
				CLANG_ENABLE_OBJC_WEAK = YES;
				CLANG_WARN_BLOCK_CAPTURE_AUTORELEASING = YES;
				CLANG_WARN_BOOL_CONVERSION = YES;
				CLANG_WARN_COMMA = YES;
				CLANG_WARN_CONSTANT_CONVERSION = YES;
				CLANG_WARN_DEPRECATED_OBJC_IMPLEMENTATIONS = YES;
				CLANG_WARN_DIRECT_OBJC_ISA_USAGE = YES_ERROR;
				CLANG_WARN_DOCUMENTATION_COMMENTS = YES;
				CLANG_WARN_EMPTY_BODY = YES;
				CLANG_WARN_ENUM_CONVERSION = YES;
				CLANG_WARN_INFINITE_RECURSION = YES;
				CLANG_WARN_INT_CONVERSION = YES;
				CLANG_WARN_NON_LITERAL_NULL_CONVERSION = YES;
				CLANG_WARN_OBJC_IMPLICIT_RETAIN_SELF = YES;
				CLANG_WARN_OBJC_LITERAL_CONVERSION = YES;
				CLANG_WARN_OBJC_ROOT_CLASS = YES_ERROR;
				CLANG_WARN_QUOTED_INCLUDE_IN_FRAMEWORK_HEADER = YES;
				CLANG_WARN_RANGE_LOOP_ANALYSIS = YES;
				CLANG_WARN_STRICT_PROTOTYPES = YES;
				CLANG_WARN_SUSPICIOUS_MOVE = YES;
				CLANG_WARN_UNGUARDED_AVAILABILITY = YES_AGGRESSIVE;
				CLANG_WARN_UNREACHABLE_CODE = YES;
				CLANG_WARN__DUPLICATE_METHOD_MATCH = YES;
				COPY_PHASE_STRIP = NO;
				DEBUG_INFORMATION_FORMAT = dwarf;
				ENABLE_STRICT_OBJC_MSGSEND = YES;
				ENABLE_TESTABILITY = YES;
				GCC_C_LANGUAGE_STANDARD = gnu11;
				GCC_DYNAMIC_NO_PIC = NO;
				GCC_NO_COMMON_BLOCKS = YES;
				GCC_OPTIMIZATION_LEVEL = 0;
				GCC_PREPROCESSOR_DEFINITIONS = (
					"DEBUG=1",
					"$(inherited)",
				);
				GCC_WARN_64_TO_32_BIT_CONVERSION = YES;
				GCC_WARN_ABOUT_RETURN_TYPE = YES_ERROR;
				GCC_WARN_UNDECLARED_SELECTOR = YES;
				GCC_WARN_UNINITIALIZED_AUTOS = YES_AGGRESSIVE;
				GCC_WARN_UNUSED_FUNCTION = YES;
				GCC_WARN_UNUSED_VARIABLE = YES;
				IPHONEOS_DEPLOYMENT_TARGET = 14.5;
				MTL_ENABLE_DEBUG_INFO = INCLUDE_SOURCE;
				MTL_FAST_MATH = YES;
				ONLY_ACTIVE_ARCH = YES;
				SDKROOT = iphoneos;
				SWIFT_ACTIVE_COMPILATION_CONDITIONS = DEBUG;
				SWIFT_OPTIMIZATION_LEVEL = "-Onone";
			};
			name = Debug;
		};
		AB30C7DA268E866B0066E68E /* Release */ = {
			isa = XCBuildConfiguration;
			buildSettings = {
				ALWAYS_SEARCH_USER_PATHS = NO;
				CLANG_ANALYZER_NONNULL = YES;
				CLANG_ANALYZER_NUMBER_OBJECT_CONVERSION = YES_AGGRESSIVE;
				CLANG_CXX_LANGUAGE_STANDARD = "gnu++14";
				CLANG_CXX_LIBRARY = "libc++";
				CLANG_ENABLE_MODULES = YES;
				CLANG_ENABLE_OBJC_ARC = YES;
				CLANG_ENABLE_OBJC_WEAK = YES;
				CLANG_WARN_BLOCK_CAPTURE_AUTORELEASING = YES;
				CLANG_WARN_BOOL_CONVERSION = YES;
				CLANG_WARN_COMMA = YES;
				CLANG_WARN_CONSTANT_CONVERSION = YES;
				CLANG_WARN_DEPRECATED_OBJC_IMPLEMENTATIONS = YES;
				CLANG_WARN_DIRECT_OBJC_ISA_USAGE = YES_ERROR;
				CLANG_WARN_DOCUMENTATION_COMMENTS = YES;
				CLANG_WARN_EMPTY_BODY = YES;
				CLANG_WARN_ENUM_CONVERSION = YES;
				CLANG_WARN_INFINITE_RECURSION = YES;
				CLANG_WARN_INT_CONVERSION = YES;
				CLANG_WARN_NON_LITERAL_NULL_CONVERSION = YES;
				CLANG_WARN_OBJC_IMPLICIT_RETAIN_SELF = YES;
				CLANG_WARN_OBJC_LITERAL_CONVERSION = YES;
				CLANG_WARN_OBJC_ROOT_CLASS = YES_ERROR;
				CLANG_WARN_QUOTED_INCLUDE_IN_FRAMEWORK_HEADER = YES;
				CLANG_WARN_RANGE_LOOP_ANALYSIS = YES;
				CLANG_WARN_STRICT_PROTOTYPES = YES;
				CLANG_WARN_SUSPICIOUS_MOVE = YES;
				CLANG_WARN_UNGUARDED_AVAILABILITY = YES_AGGRESSIVE;
				CLANG_WARN_UNREACHABLE_CODE = YES;
				CLANG_WARN__DUPLICATE_METHOD_MATCH = YES;
				COPY_PHASE_STRIP = NO;
				DEBUG_INFORMATION_FORMAT = "dwarf-with-dsym";
				ENABLE_NS_ASSERTIONS = NO;
				ENABLE_STRICT_OBJC_MSGSEND = YES;
				GCC_C_LANGUAGE_STANDARD = gnu11;
				GCC_NO_COMMON_BLOCKS = YES;
				GCC_WARN_64_TO_32_BIT_CONVERSION = YES;
				GCC_WARN_ABOUT_RETURN_TYPE = YES_ERROR;
				GCC_WARN_UNDECLARED_SELECTOR = YES;
				GCC_WARN_UNINITIALIZED_AUTOS = YES_AGGRESSIVE;
				GCC_WARN_UNUSED_FUNCTION = YES;
				GCC_WARN_UNUSED_VARIABLE = YES;
				IPHONEOS_DEPLOYMENT_TARGET = 14.5;
				MTL_ENABLE_DEBUG_INFO = NO;
				MTL_FAST_MATH = YES;
				SDKROOT = iphoneos;
				SWIFT_COMPILATION_MODE = wholemodule;
				SWIFT_OPTIMIZATION_LEVEL = "-O";
				VALIDATE_PRODUCT = YES;
			};
			name = Release;
		};
		AB30C7DC268E866B0066E68E /* Debug */ = {
			isa = XCBuildConfiguration;
			buildSettings = {
				ASSETCATALOG_COMPILER_APPICON_NAME = AppIcon;
				ASSETCATALOG_COMPILER_GLOBAL_ACCENT_COLOR_NAME = AccentColor;
				CODE_SIGN_STYLE = Automatic;
				DEVELOPMENT_TEAM = APQ38UR8RR;
				INFOPLIST_FILE = Wallet/Info.plist;
				LD_RUNPATH_SEARCH_PATHS = (
					"$(inherited)",
					"@executable_path/Frameworks",
				);
				PRODUCT_BUNDLE_IDENTIFIER = lentoz.Wallet;
				PRODUCT_NAME = "$(TARGET_NAME)";
				SWIFT_VERSION = 5.0;
				TARGETED_DEVICE_FAMILY = "1,2";
			};
			name = Debug;
		};
		AB30C7DD268E866B0066E68E /* Release */ = {
			isa = XCBuildConfiguration;
			buildSettings = {
				ASSETCATALOG_COMPILER_APPICON_NAME = AppIcon;
				ASSETCATALOG_COMPILER_GLOBAL_ACCENT_COLOR_NAME = AccentColor;
				CODE_SIGN_STYLE = Automatic;
				DEVELOPMENT_TEAM = APQ38UR8RR;
				INFOPLIST_FILE = Wallet/Info.plist;
				LD_RUNPATH_SEARCH_PATHS = (
					"$(inherited)",
					"@executable_path/Frameworks",
				);
				PRODUCT_BUNDLE_IDENTIFIER = lentoz.Wallet;
				PRODUCT_NAME = "$(TARGET_NAME)";
				SWIFT_VERSION = 5.0;
				TARGETED_DEVICE_FAMILY = "1,2";
			};
			name = Release;
		};
/* End XCBuildConfiguration section */

/* Begin XCConfigurationList section */
		AB30C7C2268E86670066E68E /* Build configuration list for PBXProject "Wallet" */ = {
			isa = XCConfigurationList;
			buildConfigurations = (
				AB30C7D9268E866B0066E68E /* Debug */,
				AB30C7DA268E866B0066E68E /* Release */,
			);
			defaultConfigurationIsVisible = 0;
			defaultConfigurationName = Release;
		};
		AB30C7DB268E866B0066E68E /* Build configuration list for PBXNativeTarget "Wallet" */ = {
			isa = XCConfigurationList;
			buildConfigurations = (
				AB30C7DC268E866B0066E68E /* Debug */,
				AB30C7DD268E866B0066E68E /* Release */,
			);
			defaultConfigurationIsVisible = 0;
			defaultConfigurationName = Release;
		};
/* End XCConfigurationList section */
	};
	rootObject = AB30C7BF268E86670066E68E /* Project object */;
}
